
Microsoft Visual Studio Solution File, Format Version 12.00
# Visual Studio Version 17
VisualStudioVersion = 17.5.002.0
MinimumVisualStudioVersion = 10.0.40219.1
Project("{9A19103F-16F7-4668-BE54-9A1E7A4F7556}") = "OpenIddictClientCredentialResource", "OpenIddictClientCredentialResource.csproj", "{D4E0AEC6-EFD0-4B50-B151-7657D3E7EFD1}"
EndProject
Global
	GlobalSection(SolutionConfigurationPlatforms) = preSolution
		Debug|Any CPU = Debug|Any CPU
		Release|Any CPU = Release|Any CPU
	EndGlobalSection
	GlobalSection(ProjectConfigurationPlatforms) = postSolution
		{D4E0AEC6-EFD0-4B50-B151-7657D3E7EFD1}.Debug|Any CPU.ActiveCfg = Debug|Any CPU
		{D4E0AEC6-EFD0-4B50-B151-7657D3E7EFD1}.Debug|Any CPU.Build.0 = Debug|Any CPU
		{D4E0AEC6-EFD0-4B50-B151-7657D3E7EFD1}.Release|Any CPU.ActiveCfg = Release|Any CPU
		{D4E0AEC6-EFD0-4B50-B151-7657D3E7EFD1}.Release|Any CPU.Build.0 = Release|Any CPU
	EndGlobalSection
	GlobalSection(SolutionProperties) = preSolution
		HideSolutionNode = FALSE
	EndGlobalSection
	GlobalSection(ExtensibilityGlobals) = postSolution
		SolutionGuid = {3DB1B697-BB17-42C3-8AA2-93BDA8640951}
	EndGlobalSection
EndGlobal
